
Microsoft Visual Studio Solution File, Format Version 12.00
# Visual Studio 15
VisualStudioVersion = 15.0.27130.0
MinimumVisualStudioVersion = 10.0.40219.1
Project("{FAE04EC0-301F-11D3-BF4B-00C04F79EFBC}") = "Test", "Test\Test.csproj", "{D1807BAE-D3C2-4D54-8905-1C90308396CB}"
EndProject
Global
	GlobalSection(SolutionConfigurationPlatforms) = preSolution
		Debug|Any CPU = Debug|Any CPU
		Release|Any CPU = Release|Any CPU
	EndGlobalSection
	GlobalSection(ProjectConfigurationPlatforms) = postSolution
		{D1807BAE-D3C2-4D54-8905-1C90308396CB}.Debug|Any CPU.ActiveCfg = Debug|Any CPU
		{D1807BAE-D3C2-4D54-8905-1C90308396CB}.Debug|Any CPU.Build.0 = Debug|Any CPU
		{D1807BAE-D3C2-4D54-8905-1C90308396CB}.Release|Any CPU.ActiveCfg = Release|Any CPU
		{D1807BAE-D3C2-4D54-8905-1C90308396CB}.Release|Any CPU.Build.0 = Release|Any CPU
	EndGlobalSection
	GlobalSection(SolutionProperties) = preSolution
		HideSolutionNode = FALSE
	EndGlobalSection
	GlobalSection(ExtensibilityGlobals) = postSolution
		SolutionGuid = {E59EAD3F-29F9-4221-9BD2-AF0189935787}
	EndGlobalSection
EndGlobal
